// !$*UTF8*$!
{
	archiveVersion = 1;
	classes = {
	};
	objectVersion = 46;
	objects = {

/* Begin PBXBuildFile section */
		16EF36661B743A2900A84C0C /* AppDelegate.swift in Sources */ = {isa = PBXBuildFile; fileRef = 16EF36651B743A2900A84C0C /* AppDelegate.swift */; };
		16EF36681B743A2900A84C0C /* ViewController.swift in Sources */ = {isa = PBXBuildFile; fileRef = 16EF36671B743A2900A84C0C /* ViewController.swift */; };
		16EF366B1B743A2900A84C0C /* Main.storyboard in Resources */ = {isa = PBXBuildFile; fileRef = 16EF36691B743A2900A84C0C /* Main.storyboard */; };
		16EF366D1B743A2900A84C0C /* Images.xcassets in Resources */ = {isa = PBXBuildFile; fileRef = 16EF366C1B743A2900A84C0C /* Images.xcassets */; };
		16EF36701B743A2900A84C0C /* LaunchScreen.xib in Resources */ = {isa = PBXBuildFile; fileRef = 16EF366E1B743A2900A84C0C /* LaunchScreen.xib */; };
		16EF367C1B743A2900A84C0C /* UIActivityViewControllerTests.swift in Sources */ = {isa = PBXBuildFile; fileRef = 16EF367B1B743A2900A84C0C /* UIActivityViewControllerTests.swift */; };
		16EF36861B7452A300A84C0C /* CustomClass.swift in Sources */ = {isa = PBXBuildFile; fileRef = 16EF36851B7452A300A84C0C /* CustomClass.swift */; };
/* End PBXBuildFile section */

/* Begin PBXContainerItemProxy section */
		16EF36761B743A2900A84C0C /* PBXContainerItemProxy */ = {
			isa = PBXContainerItemProxy;
			containerPortal = 16EF36581B743A2900A84C0C /* Project object */;
			proxyType = 1;
			remoteGlobalIDString = 16EF365F1B743A2900A84C0C;
			remoteInfo = UIActivityViewController;
		};
/* End PBXContainerItemProxy section */

/* Begin PBXFileReference section */
		16EF36601B743A2900A84C0C /* UIActivityViewController.app */ = {isa = PBXFileReference; explicitFileType = wrapper.application; includeInIndex = 0; path = UIActivityViewController.app; sourceTree = BUILT_PRODUCTS_DIR; };
		16EF36641B743A2900A84C0C /* Info.plist */ = {isa = PBXFileReference; lastKnownFileType = text.plist.xml; path = Info.plist; sourceTree = "<group>"; };
		16EF36651B743A2900A84C0C /* AppDelegate.swift */ = {isa = PBXFileReference; lastKnownFileType = sourcecode.swift; path = AppDelegate.swift; sourceTree = "<group>"; };
		16EF36671B743A2900A84C0C /* ViewController.swift */ = {isa = PBXFileReference; lastKnownFileType = sourcecode.swift; path = ViewController.swift; sourceTree = "<group>"; };
		16EF366A1B743A2900A84C0C /* Base */ = {isa = PBXFileReference; lastKnownFileType = file.storyboard; name = Base; path = Base.lproj/Main.storyboard; sourceTree = "<group>"; };
		16EF366C1B743A2900A84C0C /* Images.xcassets */ = {isa = PBXFileReference; lastKnownFileType = folder.assetcatalog; path = Images.xcassets; sourceTree = "<group>"; };
		16EF366F1B743A2900A84C0C /* Base */ = {isa = PBXFileReference; lastKnownFileType = file.xib; name = Base; path = Base.lproj/LaunchScreen.xib; sourceTree = "<group>"; };
		16EF36751B743A2900A84C0C /* UIActivityViewControllerTests.xctest */ = {isa = PBXFileReference; explicitFileType = wrapper.cfbundle; includeInIndex = 0; path = UIActivityViewControllerTests.xctest; sourceTree = BUILT_PRODUCTS_DIR; };
		16EF367A1B743A2900A84C0C /* Info.plist */ = {isa = PBXFileReference; lastKnownFileType = text.plist.xml; path = Info.plist; sourceTree = "<group>"; };
		16EF367B1B743A2900A84C0C /* UIActivityViewControllerTests.swift */ = {isa = PBXFileReference; lastKnownFileType = sourcecode.swift; path = UIActivityViewControllerTests.swift; sourceTree = "<group>"; };
		16EF36851B7452A300A84C0C /* CustomClass.swift */ = {isa = PBXFileReference; fileEncoding = 4; lastKnownFileType = sourcecode.swift; path = CustomClass.swift; sourceTree = "<group>"; };
/* End PBXFileReference section */

/* Begin PBXFrameworksBuildPhase section */
		16EF365D1B743A2900A84C0C /* Frameworks */ = {
			isa = PBXFrameworksBuildPhase;
			buildActionMask = 2147483647;
			files = (
			);
			runOnlyForDeploymentPostprocessing = 0;
		};
		16EF36721B743A2900A84C0C /* Frameworks */ = {
			isa = PBXFrameworksBuildPhase;
			buildActionMask = 2147483647;
			files = (
			);
			runOnlyForDeploymentPostprocessing = 0;
		};
/* End PBXFrameworksBuildPhase section */

/* Begin PBXGroup section */
		16EF36571B743A2900A84C0C = {
			isa = PBXGroup;
			children = (
				16EF36621B743A2900A84C0C /* UIActivityViewController */,
				16EF36781B743A2900A84C0C /* UIActivityViewControllerTests */,
				16EF36611B743A2900A84C0C /* Products */,
			);
			sourceTree = "<group>";
		};
		16EF36611B743A2900A84C0C /* Products */ = {
			isa = PBXGroup;
			children = (
				16EF36601B743A2900A84C0C /* UIActivityViewController.app */,
				16EF36751B743A2900A84C0C /* UIActivityViewControllerTests.xctest */,
			);
			name = Products;
			sourceTree = "<group>";
		};
		16EF36621B743A2900A84C0C /* UIActivityViewController */ = {
			isa = PBXGroup;
			children = (
				16EF36651B743A2900A84C0C /* AppDelegate.swift */,
				16EF36671B743A2900A84C0C /* ViewController.swift */,
				16EF36691B743A2900A84C0C /* Main.storyboard */,
				16EF366C1B743A2900A84C0C /* Images.xcassets */,
				16EF36851B7452A300A84C0C /* CustomClass.swift */,
				16EF366E1B743A2900A84C0C /* LaunchScreen.xib */,
				16EF36631B743A2900A84C0C /* Supporting Files */,
			);
			path = UIActivityViewController;
			sourceTree = "<group>";
		};
		16EF36631B743A2900A84C0C /* Supporting Files */ = {
			isa = PBXGroup;
			children = (
				16EF36641B743A2900A84C0C /* Info.plist */,
			);
			name = "Supporting Files";
			sourceTree = "<group>";
		};
		16EF36781B743A2900A84C0C /* UIActivityViewControllerTests */ = {
			isa = PBXGroup;
			children = (
				16EF367B1B743A2900A84C0C /* UIActivityViewControllerTests.swift */,
				16EF36791B743A2900A84C0C /* Supporting Files */,
			);
			path = UIActivityViewControllerTests;
			sourceTree = "<group>";
		};
		16EF36791B743A2900A84C0C /* Supporting Files */ = {
			isa = PBXGroup;
			children = (
				16EF367A1B743A2900A84C0C /* Info.plist */,
			);
			name = "Supporting Files";
			sourceTree = "<group>";
		};
/* End PBXGroup section */

/* Begin PBXNativeTarget section */
		16EF365F1B743A2900A84C0C /* UIActivityViewController */ = {
			isa = PBXNativeTarget;
			buildConfigurationList = 16EF367F1B743A2900A84C0C /* Build configuration list for PBXNativeTarget "UIActivityViewController" */;
			buildPhases = (
				16EF365C1B743A2900A84C0C /* Sources */,
				16EF365D1B743A2900A84C0C /* Frameworks */,
				16EF365E1B743A2900A84C0C /* Resources */,
			);
			buildRules = (
			);
			dependencies = (
			);
			name = UIActivityViewController;
			productName = UIActivityViewController;
			productReference = 16EF36601B743A2900A84C0C /* UIActivityViewController.app */;
			productType = "com.apple.product-type.application";
		};
		16EF36741B743A2900A84C0C /* UIActivityViewControllerTests */ = {
			isa = PBXNativeTarget;
			buildConfigurationList = 16EF36821B743A2900A84C0C /* Build configuration list for PBXNativeTarget "UIActivityViewControllerTests" */;
			buildPhases = (
				16EF36711B743A2900A84C0C /* Sources */,
				16EF36721B743A2900A84C0C /* Frameworks */,
				16EF36731B743A2900A84C0C /* Resources */,
			);
			buildRules = (
			);
			dependencies = (
				16EF36771B743A2900A84C0C /* PBXTargetDependency */,
			);
			name = UIActivityViewControllerTests;
			productName = UIActivityViewControllerTests;
			productReference = 16EF36751B743A2900A84C0C /* UIActivityViewControllerTests.xctest */;
			productType = "com.apple.product-type.bundle.unit-test";
		};
/* End PBXNativeTarget section */

/* Begin PBXProject section */
		16EF36581B743A2900A84C0C /* Project object */ = {
			isa = PBXProject;
			attributes = {
				LastSwiftUpdateCheck = 0720;
				LastUpgradeCheck = 0640;
				ORGANIZATIONNAME = fujianjin6471;
				TargetAttributes = {
					16EF365F1B743A2900A84C0C = {
						CreatedOnToolsVersion = 6.4;
					};
					16EF36741B743A2900A84C0C = {
						CreatedOnToolsVersion = 6.4;
						TestTargetID = 16EF365F1B743A2900A84C0C;
					};
				};
			};
			buildConfigurationList = 16EF365B1B743A2900A84C0C /* Build configuration list for PBXProject "UIActivityViewController" */;
			compatibilityVersion = "Xcode 3.2";
			developmentRegion = English;
			hasScannedForEncodings = 0;
			knownRegions = (
				en,
				Base,
			);
			mainGroup = 16EF36571B743A2900A84C0C;
			productRefGroup = 16EF36611B743A2900A84C0C /* Products */;
			projectDirPath = "";
			projectRoot = "";
			targets = (
				16EF365F1B743A2900A84C0C /* UIActivityViewController */,
				16EF36741B743A2900A84C0C /* UIActivityViewControllerTests */,
			);
		};
/* End PBXProject section */

/* Begin PBXResourcesBuildPhase section */
		16EF365E1B743A2900A84C0C /* Resources */ = {
			isa = PBXResourcesBuildPhase;
			buildActionMask = 2147483647;
			files = (
				16EF366B1B743A2900A84C0C /* Main.storyboard in Resources */,
				16EF36701B743A2900A84C0C /* LaunchScreen.xib in Resources */,
				16EF366D1B743A2900A84C0C /* Images.xcassets in Resources */,
			);
			runOnlyForDeploymentPostprocessing = 0;
		};
		16EF36731B743A2900A84C0C /* Resources */ = {
			isa = PBXResourcesBuildPhase;
			buildActionMask = 2147483647;
			files = (
			);
			runOnlyForDeploymentPostprocessing = 0;
		};
/* End PBXResourcesBuildPhase section */

/* Begin PBXSourcesBuildPhase section */
		16EF365C1B743A2900A84C0C /* Sources */ = {
			isa = PBXSourcesBuildPhase;
			buildActionMask = 2147483647;
			files = (
				16EF36861B7452A300A84C0C /* CustomClass.swift in Sources */,
				16EF36681B743A2900A84C0C /* ViewController.swift in Sources */,
				16EF36661B743A2900A84C0C /* AppDelegate.swift in Sources */,
			);
			runOnlyForDeploymentPostprocessing = 0;
		};
		16EF36711B743A2900A84C0C /* Sources */ = {
			isa = PBXSourcesBuildPhase;
			buildActionMask = 2147483647;
			files = (
				16EF367C1B743A2900A84C0C /* UIActivityViewControllerTests.swift in Sources */,
			);
			runOnlyForDeploymentPostprocessing = 0;
		};
/* End PBXSourcesBuildPhase section */

/* Begin PBXTargetDependency section */
		16EF36771B743A2900A84C0C /* PBXTargetDependency */ = {
			isa = PBXTargetDependency;
			target = 16EF365F1B743A2900A84C0C /* UIActivityViewController */;
			targetProxy = 16EF36761B743A2900A84C0C /* PBXContainerItemProxy */;
		};
/* End PBXTargetDependency section */

/* Begin PBXVariantGroup section */
		16EF36691B743A2900A84C0C /* Main.storyboard */ = {
			isa = PBXVariantGroup;
			children = (
				16EF366A1B743A2900A84C0C /* Base */,
			);
			name = Main.storyboard;
			sourceTree = "<group>";
		};
		16EF366E1B743A2900A84C0C /* LaunchScreen.xib */ = {
			isa = PBXVariantGroup;
			children = (
				16EF366F1B743A2900A84C0C /* Base */,
			);
			name = LaunchScreen.xib;
			sourceTree = "<group>";
		};
/* End PBXVariantGroup section */

/* Begin XCBuildConfiguration section */
		16EF367D1B743A2900A84C0C /* Debug */ = {
			isa = XCBuildConfiguration;
			buildSettings = {
				ALWAYS_SEARCH_USER_PATHS = NO;
				CLANG_CXX_LANGUAGE_STANDARD = "gnu++0x";
				CLANG_CXX_LIBRARY = "libc++";
				CLANG_ENABLE_MODULES = YES;
				CLANG_ENABLE_OBJC_ARC = YES;
				CLANG_WARN_BOOL_CONVERSION = YES;
				CLANG_WARN_CONSTANT_CONVERSION = YES;
				CLANG_WARN_DIRECT_OBJC_ISA_USAGE = YES_ERROR;
				CLANG_WARN_EMPTY_BODY = YES;
				CLANG_WARN_ENUM_CONVERSION = YES;
				CLANG_WARN_INT_CONVERSION = YES;
				CLANG_WARN_OBJC_ROOT_CLASS = YES_ERROR;
				CLANG_WARN_UNREACHABLE_CODE = YES;
				CLANG_WARN__DUPLICATE_METHOD_MATCH = YES;
				"CODE_SIGN_IDENTITY[sdk=iphoneos*]" = "iPhone Developer";
				COPY_PHASE_STRIP = NO;
				DEBUG_INFORMATION_FORMAT = "dwarf-with-dsym";
				ENABLE_STRICT_OBJC_MSGSEND = YES;
				GCC_C_LANGUAGE_STANDARD = gnu99;
				GCC_DYNAMIC_NO_PIC = NO;
				GCC_NO_COMMON_BLOCKS = YES;
				GCC_OPTIMIZATION_LEVEL = 0;
				GCC_PREPROCESSOR_DEFINITIONS = (
					"DEBUG=1",
					"$(inherited)",
				);
				GCC_SYMBOLS_PRIVATE_EXTERN = NO;
				GCC_WARN_64_TO_32_BIT_CONVERSION = YES;
				GCC_WARN_ABOUT_RETURN_TYPE = YES_ERROR;
				GCC_WARN_UNDECLARED_SELECTOR = YES;
				GCC_WARN_UNINITIALIZED_AUTOS = YES_AGGRESSIVE;
				GCC_WARN_UNUSED_FUNCTION = YES;
				GCC_WARN_UNUSED_VARIABLE = YES;
				IPHONEOS_DEPLOYMENT_TARGET = 8.4;
				MTL_ENABLE_DEBUG_INFO = YES;
				ONLY_ACTIVE_ARCH = YES;
				SDKROOT = iphoneos;
				SWIFT_OPTIMIZATION_LEVEL = "-Onone";
			};
			name = Debug;
		};
		16EF367E1B743A2900A84C0C /* Release */ = {
			isa = XCBuildConfiguration;
			buildSettings = {
				ALWAYS_SEARCH_USER_PATHS = NO;
				CLANG_CXX_LANGUAGE_STANDARD = "gnu++0x";
				CLANG_CXX_LIBRARY = "libc++";
				CLANG_ENABLE_MODULES = YES;
				CLANG_ENABLE_OBJC_ARC = YES;
				CLANG_WARN_BOOL_CONVERSION = YES;
				CLANG_WARN_CONSTANT_CONVERSION = YES;
				CLANG_WARN_DIRECT_OBJC_ISA_USAGE = YES_ERROR;
				CLANG_WARN_EMPTY_BODY = YES;
				CLANG_WARN_ENUM_CONVERSION = YES;
				CLANG_WARN_INT_CONVERSION = YES;
				CLANG_WARN_OBJC_ROOT_CLASS = YES_ERROR;
				CLANG_WARN_UNREACHABLE_CODE = YES;
				CLANG_WARN__DUPLICATE_METHOD_MATCH = YES;
				"CODE_SIGN_IDENTITY[sdk=iphoneos*]" = "iPhone Developer";
				COPY_PHASE_STRIP = NO;
				DEBUG_INFORMATION_FORMAT = "dwarf-with-dsym";
				ENABLE_NS_ASSERTIONS = NO;
				ENABLE_STRICT_OBJC_MSGSEND = YES;
				GCC_C_LANGUAGE_STANDARD = gnu99;
				GCC_NO_COMMON_BLOCKS = YES;
				GCC_WARN_64_TO_32_BIT_CONVERSION = YES;
				GCC_WARN_ABOUT_RETURN_TYPE = YES_ERROR;
				GCC_WARN_UNDECLARED_SELECTOR = YES;
				GCC_WARN_UNINITIALIZED_AUTOS = YES_AGGRESSIVE;
				GCC_WARN_UNUSED_FUNCTION = YES;
				GCC_WARN_UNUSED_VARIABLE = YES;
				IPHONEOS_DEPLOYMENT_TARGET = 8.4;
				MTL_ENABLE_DEBUG_INFO = NO;
				SDKROOT = iphoneos;
				VALIDATE_PRODUCT = YES;
			};
			name = Release;
		};
		16EF36801B743A2900A84C0C /* Debug */ = {
			isa = XCBuildConfiguration;
			buildSettings = {
				ASSETCATALOG_COMPILER_APPICON_NAME = AppIcon;
				INFOPLIST_FILE = UIActivityViewController/Info.plist;
				LD_RUNPATH_SEARCH_PATHS = "$(inherited) @executable_path/Frameworks";
				PRODUCT_NAME = "$(TARGET_NAME)";
			};
			name = Debug;
		};
		16EF36811B743A2900A84C0C /* Release */ = {
			isa = XCBuildConfiguration;
			buildSettings = {
				ASSETCATALOG_COMPILER_APPICON_NAME = AppIcon;
				INFOPLIST_FILE = UIActivityViewController/Info.plist;
				LD_RUNPATH_SEARCH_PATHS = "$(inherited) @executable_path/Frameworks";
				PRODUCT_NAME = "$(TARGET_NAME)";
			};
			name = Release;
		};
		16EF36831B743A2900A84C0C /* Debug */ = {
			isa = XCBuildConfiguration;
			buildSettings = {
				BUNDLE_LOADER = "$(TEST_HOST)";
				FRAMEWORK_SEARCH_PATHS = (
					"$(SDKROOT)/Developer/Library/Frameworks",
					"$(inherited)",
				);
				GCC_PREPROCESSOR_DEFINITIONS = (
					"DEBUG=1",
					"$(inherited)",
				);
				INFOPLIST_FILE = UIActivityViewControllerTests/Info.plist;
				LD_RUNPATH_SEARCH_PATHS = "$(inherited) @executable_path/Frameworks @loader_path/Frameworks";
				PRODUCT_NAME = "$(TARGET_NAME)";
				TEST_HOST = "$(BUILT_PRODUCTS_DIR)/UIActivityViewController.app/UIActivityViewController";
			};
			name = Debug;
		};
		16EF36841B743A2900A84C0C /* Release */ = {
			isa = XCBuildConfiguration;
			buildSettings = {
				BUNDLE_LOADER = "$(TEST_HOST)";
				FRAMEWORK_SEARCH_PATHS = (
					"$(SDKROOT)/Developer/Library/Frameworks",
					"$(inherited)",
				);
				INFOPLIST_FILE = UIActivityViewControllerTests/Info.plist;
				LD_RUNPATH_SEARCH_PATHS = "$(inherited) @executable_path/Frameworks @loader_path/Frameworks";
				PRODUCT_NAME = "$(TARGET_NAME)";
				TEST_HOST = "$(BUILT_PRODUCTS_DIR)/UIActivityViewController.app/UIActivityViewController";
			};
			name = Release;
		};
/* End XCBuildConfiguration section */

/* Begin XCConfigurationList section */
		16EF365B1B743A2900A84C0C /* Build configuration list for PBXProject "UIActivityViewController" */ = {
			isa = XCConfigurationList;
			buildConfigurations = (
				16EF367D1B743A2900A84C0C /* Debug */,
				16EF367E1B743A2900A84C0C /* Release */,
			);
			defaultConfigurationIsVisible = 0;
			defaultConfigurationName = Release;
		};
		16EF367F1B743A2900A84C0C /* Build configuration list for PBXNativeTarget "UIActivityViewController" */ = {
			isa = XCConfigurationList;
			buildConfigurations = (
				16EF36801B743A2900A84C0C /* Debug */,
				16EF36811B743A2900A84C0C /* Release */,
			);
			defaultConfigurationIsVisible = 0;
			defaultConfigurationName = Release;
		};
		16EF36821B743A2900A84C0C /* Build configuration list for PBXNativeTarget "UIActivityViewControllerTests" */ = {
			isa = XCConfigurationList;
			buildConfigurations = (
				16EF36831B743A2900A84C0C /* Debug */,
				16EF36841B743A2900A84C0C /* Release */,
			);
			defaultConfigurationIsVisible = 0;
			defaultConfigurationName = Release;
		};
/* End XCConfigurationList section */
	};
	rootObject = 16EF36581B743A2900A84C0C /* Project object */;
}
